
Microsoft Visual Studio Solution File, Format Version 12.00
# Visual Studio Version 16
VisualStudioVersion = 16.0.31005.135
MinimumVisualStudioVersion = 10.0.40219.1
Project("{FAE04EC0-301F-11D3-BF4B-00C04F79EFBC}") = "ConsoleApp6", "ConsoleApp6\ConsoleApp6.csproj", "{51347502-A1E2-443F-8F7F-E7C267C50015}"
EndProject
Global
	GlobalSection(SolutionConfigurationPlatforms) = preSolution
		Debug|Any CPU = Debug|Any CPU
		Release|Any CPU = Release|Any CPU
	EndGlobalSection
	GlobalSection(ProjectConfigurationPlatforms) = postSolution
		{51347502-A1E2-443F-8F7F-E7C267C50015}.Debug|Any CPU.ActiveCfg = Debug|Any CPU
		{51347502-A1E2-443F-8F7F-E7C267C50015}.Debug|Any CPU.Build.0 = Debug|Any CPU
		{51347502-A1E2-443F-8F7F-E7C267C50015}.Release|Any CPU.ActiveCfg = Release|Any CPU
		{51347502-A1E2-443F-8F7F-E7C267C50015}.Release|Any CPU.Build.0 = Release|Any CPU
	EndGlobalSection
	GlobalSection(SolutionProperties) = preSolution
		HideSolutionNode = FALSE
	EndGlobalSection
	GlobalSection(ExtensibilityGlobals) = postSolution
		SolutionGuid = {DF945C0C-94CE-4E79-A6D1-2AD56820A0D6}
	EndGlobalSection
EndGlobal
